
Microsoft Visual Studio Solution File, Format Version 12.00
# Visual Studio Version 17
VisualStudioVersion = 17.0.31903.59
MinimumVisualStudioVersion = 10.0.40219.1
Project("{9A19103F-16F7-4668-BE54-9A1E7A4F7556}") = "ProcBlazor.Domain", "Domain\ProcBlazor.Domain.csproj", "{904910B1-A15A-49B3-89A1-869FB95BD89B}"
EndProject
Project("{9A19103F-16F7-4668-BE54-9A1E7A4F7556}") = "ProcBlazor.Infrastructure", "Infrastructure\ProcBlazor.Infrastructure.csproj", "{5409B6FB-12DB-4BC2-A700-F0880E12D5EB}"
EndProject
Project("{9A19103F-16F7-4668-BE54-9A1E7A4F7556}") = "ProcBlazor.Presentation", "Presentation\ProcBlazor.Presentation.csproj", "{AA9CF19F-4C50-4318-A950-3F5973200BCE}"
EndProject
Project("{9A19103F-16F7-4668-BE54-9A1E7A4F7556}") = "ProcBlazor.Application", "Application\ProcBlazor.Application.csproj", "{2EE4B022-03CB-4FA8-838F-33FA52DA4D77}"
EndProject
Project("{9A19103F-16F7-4668-BE54-9A1E7A4F7556}") = "ProcBlazor.Api", "Api\ProcBlazor.Api.csproj", "{F7C6E850-BE9A-4C95-9EB2-1C1F3EED8CCF}"
EndProject
Global
	GlobalSection(SolutionConfigurationPlatforms) = preSolution
		Debug|Any CPU = Debug|Any CPU
		Release|Any CPU = Release|Any CPU
	EndGlobalSection
	GlobalSection(ProjectConfigurationPlatforms) = postSolution
		{904910B1-A15A-49B3-89A1-869FB95BD89B}.Debug|Any CPU.ActiveCfg = Debug|Any CPU
		{904910B1-A15A-49B3-89A1-869FB95BD89B}.Debug|Any CPU.Build.0 = Debug|Any CPU
		{904910B1-A15A-49B3-89A1-869FB95BD89B}.Release|Any CPU.ActiveCfg = Release|Any CPU
		{904910B1-A15A-49B3-89A1-869FB95BD89B}.Release|Any CPU.Build.0 = Release|Any CPU
		{5409B6FB-12DB-4BC2-A700-F0880E12D5EB}.Debug|Any CPU.ActiveCfg = Debug|Any CPU
		{5409B6FB-12DB-4BC2-A700-F0880E12D5EB}.Debug|Any CPU.Build.0 = Debug|Any CPU
		{5409B6FB-12DB-4BC2-A700-F0880E12D5EB}.Release|Any CPU.ActiveCfg = Release|Any CPU
		{5409B6FB-12DB-4BC2-A700-F0880E12D5EB}.Release|Any CPU.Build.0 = Release|Any CPU
		{AA9CF19F-4C50-4318-A950-3F5973200BCE}.Debug|Any CPU.ActiveCfg = Debug|Any CPU
		{AA9CF19F-4C50-4318-A950-3F5973200BCE}.Debug|Any CPU.Build.0 = Debug|Any CPU
		{AA9CF19F-4C50-4318-A950-3F5973200BCE}.Release|Any CPU.ActiveCfg = Release|Any CPU
		{AA9CF19F-4C50-4318-A950-3F5973200BCE}.Release|Any CPU.Build.0 = Release|Any CPU
		{2EE4B022-03CB-4FA8-838F-33FA52DA4D77}.Debug|Any CPU.ActiveCfg = Debug|Any CPU
		{2EE4B022-03CB-4FA8-838F-33FA52DA4D77}.Debug|Any CPU.Build.0 = Debug|Any CPU
		{2EE4B022-03CB-4FA8-838F-33FA52DA4D77}.Release|Any CPU.ActiveCfg = Release|Any CPU
		{2EE4B022-03CB-4FA8-838F-33FA52DA4D77}.Release|Any CPU.Build.0 = Release|Any CPU
		{F7C6E850-BE9A-4C95-9EB2-1C1F3EED8CCF}.Debug|Any CPU.ActiveCfg = Debug|Any CPU
		{F7C6E850-BE9A-4C95-9EB2-1C1F3EED8CCF}.Debug|Any CPU.Build.0 = Debug|Any CPU
		{F7C6E850-BE9A-4C95-9EB2-1C1F3EED8CCF}.Release|Any CPU.ActiveCfg = Release|Any CPU
		{F7C6E850-BE9A-4C95-9EB2-1C1F3EED8CCF}.Release|Any CPU.Build.0 = Release|Any CPU
	EndGlobalSection
	GlobalSection(SolutionProperties) = preSolution
		HideSolutionNode = FALSE
	EndGlobalSection
	GlobalSection(ExtensibilityGlobals) = postSolution
		SolutionGuid = {0FA418F7-D1FB-4FAB-82E9-647D504E1518}
	EndGlobalSection
EndGlobal
